# generated by rye
# use `rye lock` or `rye sync` to update this lockfile
#
# last locked with the following flags:
#   pre: false
#   features: []
#   all-features: false
#   with-sources: false

-e file:.
algoliasearch==3.0.0
    # via mybgg
attrs==23.2.0
    # via cattrs
    # via requests-cache
cattrs==23.2.3
    # via requests-cache
certifi==2024.2.2
    # via mybgg
    # via requests
chardet==5.2.0
    # via mybgg
charset-normalizer==3.3.2
    # via requests
colorgram-py==1.2.0
    # via mybgg
declxml==1.1.3
    # via mybgg
idna==3.6
    # via mybgg
    # via requests
pillow==10.3.0
    # via colorgram-py
    # via mybgg
platformdirs==4.2.0
    # via requests-cache
requests==2.31.0
    # via algoliasearch
    # via mybgg
    # via requests-cache
requests-cache==1.2.0
    # via mybgg
six==1.16.0
    # via url-normalize
typing==3.7.4.3
    # via declxml
url-normalize==1.4.3
    # via requests-cache
urllib3==2.2.1
    # via requests
    # via requests-cache
